
Microsoft Visual Studio Solution File, Format Version 12.00
# Visual Studio Version 16
VisualStudioVersion = 16.0.29503.13
MinimumVisualStudioVersion = 10.0.40219.1
Project("{9A19103F-16F7-4668-BE54-9A1E7A4F7556}") = "FCamera.Gateway.API", "FCamera.Gateway.API\FCamera.Gateway.API.csproj", "{01CB0817-20D7-437A-9188-FC9A04165DF8}"
EndProject
Project("{9A19103F-16F7-4668-BE54-9A1E7A4F7556}") = "FCamera.Teste.API", "FCamera.Teste.API\FCamera.Teste.API.csproj", "{4B58AECA-C3ED-42BF-B3F2-13DC11C8D10A}"
EndProject
Project("{E53339B2-1760-4266-BCC7-CA923CBCF16C}") = "docker-compose", "docker-compose.dcproj", "{6EEFDA06-B778-4D58-8E78-83DBCFDFD5D0}"
EndProject
Project("{2150E333-8FDC-42A3-9474-1A3956D46DE8}") = "Autemtica", "Autemtica", "{6ABB8499-8D62-434F-B66E-76342EB69076}"
EndProject
Project("{2150E333-8FDC-42A3-9474-1A3956D46DE8}") = "Gateway", "Gateway", "{FB97BB1F-18C9-4B5F-99FD-FF2C3EEDAC5A}"
EndProject
Project("{2150E333-8FDC-42A3-9474-1A3956D46DE8}") = "Api", "Api", "{04A42723-8F4E-4E29-B123-8CB537C4864E}"
EndProject
Project("{9A19103F-16F7-4668-BE54-9A1E7A4F7556}") = "FCamera.Application", "FCamera.Autentica.API\FCamera.Application\FCamera.Application.csproj", "{8C4ADD07-B171-4C85-85F1-3CFA2788BE5C}"
EndProject
Project("{9A19103F-16F7-4668-BE54-9A1E7A4F7556}") = "FCamera.Autentica.API", "FCamera.Autentica.API\FCamera.Apresentation\FCamera.Autentica.API.csproj", "{09524CE4-B350-41E5-B4E7-633C5B6B1103}"
EndProject
Project("{9A19103F-16F7-4668-BE54-9A1E7A4F7556}") = "FCamera.Common", "FCamera.Autentica.API\FCamera.Common\FCamera.Common.csproj", "{ABF205D0-6130-416A-A802-9A181CC4BA2B}"
EndProject
Project("{9A19103F-16F7-4668-BE54-9A1E7A4F7556}") = "FCamera.Domain", "FCamera.Autentica.API\FCamera.Domain\FCamera.Domain.csproj", "{4BDF8A43-61B5-465E-9537-6C230B422E8A}"
EndProject
Project("{9A19103F-16F7-4668-BE54-9A1E7A4F7556}") = "FCamera.Infra.CrossCutting.Ioc", "FCamera.Autentica.API\FCamera.Infra.CrossCutting.Ioc\FCamera.Infra.CrossCutting.Ioc.csproj", "{0787CD59-6608-4775-A1CC-E425076C86E8}"
EndProject
Project("{9A19103F-16F7-4668-BE54-9A1E7A4F7556}") = "FCamera.Infra.Data", "FCamera.Autentica.API\FCamera.Infra.Data\FCamera.Infra.Data.csproj", "{0FF508C9-943D-48A2-8AC4-2ABE0D7DA7F7}"
EndProject
Project("{2150E333-8FDC-42A3-9474-1A3956D46DE8}") = "Teste", "Teste", "{8FE31A1E-A9D2-44C2-8ED9-719208980DC5}"
EndProject
Project("{2150E333-8FDC-42A3-9474-1A3956D46DE8}") = "Banco", "Banco", "{C565EEB9-7C86-4CAC-9B5B-6453B5AF7454}"
EndProject
Project("{9A19103F-16F7-4668-BE54-9A1E7A4F7556}") = "FCamera.Banco.API", "FCamera.Banco.API\FCamera.Banco.API\FCamera.Banco.API.csproj", "{D3271F2A-28F6-4DA9-93F9-68236747E347}"
EndProject
Project("{9A19103F-16F7-4668-BE54-9A1E7A4F7556}") = "FCamera.Banco.Application", "FCamera.Banco.API\FCamera.Banco.Application\FCamera.Banco.Application.csproj", "{5660C781-5ACA-4DFD-A64A-1B99F37AE2E2}"
EndProject
Project("{9A19103F-16F7-4668-BE54-9A1E7A4F7556}") = "FCamera.Banco.Common", "FCamera.Banco.API\FCamera.Banco.Common\FCamera.Banco.Common.csproj", "{227D73C7-5ACB-47FA-859D-A99615F9A259}"
EndProject
Project("{9A19103F-16F7-4668-BE54-9A1E7A4F7556}") = "FCamera.Banco.Domain", "FCamera.Banco.API\FCamera.Banco.Domain\FCamera.Banco.Domain.csproj", "{B7F37CA3-9A08-42CE-9B5E-C69159F04006}"
EndProject
Project("{2150E333-8FDC-42A3-9474-1A3956D46DE8}") = "1-Apresentation", "1-Apresentation", "{AD2C1037-0E42-4134-A1DA-9812FD152DE7}"
EndProject
Project("{2150E333-8FDC-42A3-9474-1A3956D46DE8}") = "2-Application", "2-Application", "{F2541393-EEEB-4845-A8D6-E8D3752CE921}"
EndProject
Project("{2150E333-8FDC-42A3-9474-1A3956D46DE8}") = "3-Domain", "3-Domain", "{A85B595B-287E-4EB7-9A3B-3663791F0251}"
EndProject
Project("{2150E333-8FDC-42A3-9474-1A3956D46DE8}") = "4-Data", "4-Data", "{5BE1F41C-B5F2-4698-A0C8-1F26E3730F9B}"
EndProject
Project("{2150E333-8FDC-42A3-9474-1A3956D46DE8}") = "5-Infra", "5-Infra", "{6D1FDF17-91E7-44B6-91B3-6A676289CCC2}"
EndProject
Project("{2150E333-8FDC-42A3-9474-1A3956D46DE8}") = "6-Common", "6-Common", "{33185515-897C-44EF-84C4-86F2FC8488D8}"
EndProject
Project("{2150E333-8FDC-42A3-9474-1A3956D46DE8}") = "1-Apresentation", "1-Apresentation", "{CA13F04D-A35A-446D-942A-9C9ED64BA3F2}"
EndProject
Project("{2150E333-8FDC-42A3-9474-1A3956D46DE8}") = "2-Application", "2-Application", "{DE5C6508-C77C-4EEB-98A7-629D82D80828}"
EndProject
Project("{2150E333-8FDC-42A3-9474-1A3956D46DE8}") = "3-Domain", "3-Domain", "{A6D2A16D-C5EF-42D4-B32F-5D9FC29B0DBD}"
EndProject
Project("{2150E333-8FDC-42A3-9474-1A3956D46DE8}") = "4-Common", "4-Common", "{8653EF13-4EB5-4D93-8FB1-96A0DE44986D}"
EndProject
Global
	GlobalSection(SolutionConfigurationPlatforms) = preSolution
		Debug|Any CPU = Debug|Any CPU
		Release|Any CPU = Release|Any CPU
	EndGlobalSection
	GlobalSection(ProjectConfigurationPlatforms) = postSolution
		{01CB0817-20D7-437A-9188-FC9A04165DF8}.Debug|Any CPU.ActiveCfg = Debug|Any CPU
		{01CB0817-20D7-437A-9188-FC9A04165DF8}.Debug|Any CPU.Build.0 = Debug|Any CPU
		{01CB0817-20D7-437A-9188-FC9A04165DF8}.Release|Any CPU.ActiveCfg = Release|Any CPU
		{01CB0817-20D7-437A-9188-FC9A04165DF8}.Release|Any CPU.Build.0 = Release|Any CPU
		{4B58AECA-C3ED-42BF-B3F2-13DC11C8D10A}.Debug|Any CPU.ActiveCfg = Debug|Any CPU
		{4B58AECA-C3ED-42BF-B3F2-13DC11C8D10A}.Debug|Any CPU.Build.0 = Debug|Any CPU
		{4B58AECA-C3ED-42BF-B3F2-13DC11C8D10A}.Release|Any CPU.ActiveCfg = Release|Any CPU
		{4B58AECA-C3ED-42BF-B3F2-13DC11C8D10A}.Release|Any CPU.Build.0 = Release|Any CPU
		{6EEFDA06-B778-4D58-8E78-83DBCFDFD5D0}.Debug|Any CPU.ActiveCfg = Debug|Any CPU
		{6EEFDA06-B778-4D58-8E78-83DBCFDFD5D0}.Debug|Any CPU.Build.0 = Debug|Any CPU
		{6EEFDA06-B778-4D58-8E78-83DBCFDFD5D0}.Release|Any CPU.ActiveCfg = Release|Any CPU
		{6EEFDA06-B778-4D58-8E78-83DBCFDFD5D0}.Release|Any CPU.Build.0 = Release|Any CPU
		{8C4ADD07-B171-4C85-85F1-3CFA2788BE5C}.Debug|Any CPU.ActiveCfg = Debug|Any CPU
		{8C4ADD07-B171-4C85-85F1-3CFA2788BE5C}.Debug|Any CPU.Build.0 = Debug|Any CPU
		{8C4ADD07-B171-4C85-85F1-3CFA2788BE5C}.Release|Any CPU.ActiveCfg = Release|Any CPU
		{8C4ADD07-B171-4C85-85F1-3CFA2788BE5C}.Release|Any CPU.Build.0 = Release|Any CPU
		{09524CE4-B350-41E5-B4E7-633C5B6B1103}.Debug|Any CPU.ActiveCfg = Debug|Any CPU
		{09524CE4-B350-41E5-B4E7-633C5B6B1103}.Debug|Any CPU.Build.0 = Debug|Any CPU
		{09524CE4-B350-41E5-B4E7-633C5B6B1103}.Release|Any CPU.ActiveCfg = Release|Any CPU
		{09524CE4-B350-41E5-B4E7-633C5B6B1103}.Release|Any CPU.Build.0 = Release|Any CPU
		{ABF205D0-6130-416A-A802-9A181CC4BA2B}.Debug|Any CPU.ActiveCfg = Debug|Any CPU
		{ABF205D0-6130-416A-A802-9A181CC4BA2B}.Debug|Any CPU.Build.0 = Debug|Any CPU
		{ABF205D0-6130-416A-A802-9A181CC4BA2B}.Release|Any CPU.ActiveCfg = Release|Any CPU
		{ABF205D0-6130-416A-A802-9A181CC4BA2B}.Release|Any CPU.Build.0 = Release|Any CPU
		{4BDF8A43-61B5-465E-9537-6C230B422E8A}.Debug|Any CPU.ActiveCfg = Debug|Any CPU
		{4BDF8A43-61B5-465E-9537-6C230B422E8A}.Debug|Any CPU.Build.0 = Debug|Any CPU
		{4BDF8A43-61B5-465E-9537-6C230B422E8A}.Release|Any CPU.ActiveCfg = Release|Any CPU
		{4BDF8A43-61B5-465E-9537-6C230B422E8A}.Release|Any CPU.Build.0 = Release|Any CPU
		{0787CD59-6608-4775-A1CC-E425076C86E8}.Debug|Any CPU.ActiveCfg = Debug|Any CPU
		{0787CD59-6608-4775-A1CC-E425076C86E8}.Debug|Any CPU.Build.0 = Debug|Any CPU
		{0787CD59-6608-4775-A1CC-E425076C86E8}.Release|Any CPU.ActiveCfg = Release|Any CPU
		{0787CD59-6608-4775-A1CC-E425076C86E8}.Release|Any CPU.Build.0 = Release|Any CPU
		{0FF508C9-943D-48A2-8AC4-2ABE0D7DA7F7}.Debug|Any CPU.ActiveCfg = Debug|Any CPU
		{0FF508C9-943D-48A2-8AC4-2ABE0D7DA7F7}.Debug|Any CPU.Build.0 = Debug|Any CPU
		{0FF508C9-943D-48A2-8AC4-2ABE0D7DA7F7}.Release|Any CPU.ActiveCfg = Release|Any CPU
		{0FF508C9-943D-48A2-8AC4-2ABE0D7DA7F7}.Release|Any CPU.Build.0 = Release|Any CPU
		{D3271F2A-28F6-4DA9-93F9-68236747E347}.Debug|Any CPU.ActiveCfg = Debug|Any CPU
		{D3271F2A-28F6-4DA9-93F9-68236747E347}.Debug|Any CPU.Build.0 = Debug|Any CPU
		{D3271F2A-28F6-4DA9-93F9-68236747E347}.Release|Any CPU.ActiveCfg = Release|Any CPU
		{D3271F2A-28F6-4DA9-93F9-68236747E347}.Release|Any CPU.Build.0 = Release|Any CPU
		{5660C781-5ACA-4DFD-A64A-1B99F37AE2E2}.Debug|Any CPU.ActiveCfg = Debug|Any CPU
		{5660C781-5ACA-4DFD-A64A-1B99F37AE2E2}.Debug|Any CPU.Build.0 = Debug|Any CPU
		{5660C781-5ACA-4DFD-A64A-1B99F37AE2E2}.Release|Any CPU.ActiveCfg = Release|Any CPU
		{5660C781-5ACA-4DFD-A64A-1B99F37AE2E2}.Release|Any CPU.Build.0 = Release|Any CPU
		{227D73C7-5ACB-47FA-859D-A99615F9A259}.Debug|Any CPU.ActiveCfg = Debug|Any CPU
		{227D73C7-5ACB-47FA-859D-A99615F9A259}.Debug|Any CPU.Build.0 = Debug|Any CPU
		{227D73C7-5ACB-47FA-859D-A99615F9A259}.Release|Any CPU.ActiveCfg = Release|Any CPU
		{227D73C7-5ACB-47FA-859D-A99615F9A259}.Release|Any CPU.Build.0 = Release|Any CPU
		{B7F37CA3-9A08-42CE-9B5E-C69159F04006}.Debug|Any CPU.ActiveCfg = Debug|Any CPU
		{B7F37CA3-9A08-42CE-9B5E-C69159F04006}.Debug|Any CPU.Build.0 = Debug|Any CPU
		{B7F37CA3-9A08-42CE-9B5E-C69159F04006}.Release|Any CPU.ActiveCfg = Release|Any CPU
		{B7F37CA3-9A08-42CE-9B5E-C69159F04006}.Release|Any CPU.Build.0 = Release|Any CPU
	EndGlobalSection
	GlobalSection(SolutionProperties) = preSolution
		HideSolutionNode = FALSE
	EndGlobalSection
	GlobalSection(NestedProjects) = preSolution
		{01CB0817-20D7-437A-9188-FC9A04165DF8} = {FB97BB1F-18C9-4B5F-99FD-FF2C3EEDAC5A}
		{4B58AECA-C3ED-42BF-B3F2-13DC11C8D10A} = {8FE31A1E-A9D2-44C2-8ED9-719208980DC5}
		{8C4ADD07-B171-4C85-85F1-3CFA2788BE5C} = {F2541393-EEEB-4845-A8D6-E8D3752CE921}
		{09524CE4-B350-41E5-B4E7-633C5B6B1103} = {AD2C1037-0E42-4134-A1DA-9812FD152DE7}
		{ABF205D0-6130-416A-A802-9A181CC4BA2B} = {33185515-897C-44EF-84C4-86F2FC8488D8}
		{4BDF8A43-61B5-465E-9537-6C230B422E8A} = {A85B595B-287E-4EB7-9A3B-3663791F0251}
		{0787CD59-6608-4775-A1CC-E425076C86E8} = {6D1FDF17-91E7-44B6-91B3-6A676289CCC2}
		{0FF508C9-943D-48A2-8AC4-2ABE0D7DA7F7} = {5BE1F41C-B5F2-4698-A0C8-1F26E3730F9B}
		{8FE31A1E-A9D2-44C2-8ED9-719208980DC5} = {04A42723-8F4E-4E29-B123-8CB537C4864E}
		{C565EEB9-7C86-4CAC-9B5B-6453B5AF7454} = {04A42723-8F4E-4E29-B123-8CB537C4864E}
		{D3271F2A-28F6-4DA9-93F9-68236747E347} = {CA13F04D-A35A-446D-942A-9C9ED64BA3F2}
		{5660C781-5ACA-4DFD-A64A-1B99F37AE2E2} = {DE5C6508-C77C-4EEB-98A7-629D82D80828}
		{227D73C7-5ACB-47FA-859D-A99615F9A259} = {8653EF13-4EB5-4D93-8FB1-96A0DE44986D}
		{B7F37CA3-9A08-42CE-9B5E-C69159F04006} = {A6D2A16D-C5EF-42D4-B32F-5D9FC29B0DBD}
		{AD2C1037-0E42-4134-A1DA-9812FD152DE7} = {6ABB8499-8D62-434F-B66E-76342EB69076}
		{F2541393-EEEB-4845-A8D6-E8D3752CE921} = {6ABB8499-8D62-434F-B66E-76342EB69076}
		{A85B595B-287E-4EB7-9A3B-3663791F0251} = {6ABB8499-8D62-434F-B66E-76342EB69076}
		{5BE1F41C-B5F2-4698-A0C8-1F26E3730F9B} = {6ABB8499-8D62-434F-B66E-76342EB69076}
		{6D1FDF17-91E7-44B6-91B3-6A676289CCC2} = {6ABB8499-8D62-434F-B66E-76342EB69076}
		{33185515-897C-44EF-84C4-86F2FC8488D8} = {6ABB8499-8D62-434F-B66E-76342EB69076}
		{CA13F04D-A35A-446D-942A-9C9ED64BA3F2} = {C565EEB9-7C86-4CAC-9B5B-6453B5AF7454}
		{DE5C6508-C77C-4EEB-98A7-629D82D80828} = {C565EEB9-7C86-4CAC-9B5B-6453B5AF7454}
		{A6D2A16D-C5EF-42D4-B32F-5D9FC29B0DBD} = {C565EEB9-7C86-4CAC-9B5B-6453B5AF7454}
		{8653EF13-4EB5-4D93-8FB1-96A0DE44986D} = {C565EEB9-7C86-4CAC-9B5B-6453B5AF7454}
	EndGlobalSection
	GlobalSection(ExtensibilityGlobals) = postSolution
		SolutionGuid = {20BCFC36-63F7-4AD2-9C5A-5BCB3630E900}
	EndGlobalSection
EndGlobal
